// !$*UTF8*$!
{
	archiveVersion = 1;
	classes = {
	};
	objectVersion = 46;
	objects = {

/* Begin PBXBuildFile section */
		05541F1D1944762D00E8155A /* AppDelegate.swift in Sources */ = {isa = PBXBuildFile; fileRef = 05541F1C1944762D00E8155A /* AppDelegate.swift */; };
		05541F1F1944762D00E8155A /* Images.xcassets in Resources */ = {isa = PBXBuildFile; fileRef = 05541F1E1944762D00E8155A /* Images.xcassets */; };
		05541F2B1944762D00E8155A /* MyFirstSwiftAppWithoutStoryboardTests.swift in Sources */ = {isa = PBXBuildFile; fileRef = 05541F2A1944762D00E8155A /* MyFirstSwiftAppWithoutStoryboardTests.swift */; };
		05541F35194488E200E8155A /* TheTableViewController.swift in Sources */ = {isa = PBXBuildFile; fileRef = 05541F34194488E200E8155A /* TheTableViewController.swift */; };
		05541F3719448A5500E8155A /* TheViewController.swift in Sources */ = {isa = PBXBuildFile; fileRef = 05541F3619448A5500E8155A /* TheViewController.swift */; };
/* End PBXBuildFile section */

/* Begin PBXContainerItemProxy section */
		05541F251944762D00E8155A /* PBXContainerItemProxy */ = {
			isa = PBXContainerItemProxy;
			containerPortal = 05541F0F1944762D00E8155A /* Project object */;
			proxyType = 1;
			remoteGlobalIDString = 05541F161944762D00E8155A;
			remoteInfo = MyFirstSwiftAppWithoutStoryboard;
		};
/* End PBXContainerItemProxy section */

/* Begin PBXFileReference section */
		05541F171944762D00E8155A /* MyFirstSwiftAppWithoutStoryboard.app */ = {isa = PBXFileReference; explicitFileType = wrapper.application; includeInIndex = 0; path = MyFirstSwiftAppWithoutStoryboard.app; sourceTree = BUILT_PRODUCTS_DIR; };
		05541F1B1944762D00E8155A /* Info.plist */ = {isa = PBXFileReference; lastKnownFileType = text.plist.xml; path = Info.plist; sourceTree = "<group>"; };
		05541F1C1944762D00E8155A /* AppDelegate.swift */ = {isa = PBXFileReference; lastKnownFileType = sourcecode.swift; path = AppDelegate.swift; sourceTree = "<group>"; };
		05541F1E1944762D00E8155A /* Images.xcassets */ = {isa = PBXFileReference; lastKnownFileType = folder.assetcatalog; path = Images.xcassets; sourceTree = "<group>"; };
		05541F241944762D00E8155A /* MyFirstSwiftAppWithoutStoryboardTests.xctest */ = {isa = PBXFileReference; explicitFileType = wrapper.cfbundle; includeInIndex = 0; path = MyFirstSwiftAppWithoutStoryboardTests.xctest; sourceTree = BUILT_PRODUCTS_DIR; };
		05541F291944762D00E8155A /* Info.plist */ = {isa = PBXFileReference; lastKnownFileType = text.plist.xml; path = Info.plist; sourceTree = "<group>"; };
		05541F2A1944762D00E8155A /* MyFirstSwiftAppWithoutStoryboardTests.swift */ = {isa = PBXFileReference; lastKnownFileType = sourcecode.swift; path = MyFirstSwiftAppWithoutStoryboardTests.swift; sourceTree = "<group>"; };
		05541F34194488E200E8155A /* TheTableViewController.swift */ = {isa = PBXFileReference; fileEncoding = 4; lastKnownFileType = sourcecode.swift; path = TheTableViewController.swift; sourceTree = "<group>"; };
		05541F3619448A5500E8155A /* TheViewController.swift */ = {isa = PBXFileReference; fileEncoding = 4; lastKnownFileType = sourcecode.swift; path = TheViewController.swift; sourceTree = "<group>"; };
/* End PBXFileReference section */

/* Begin PBXFrameworksBuildPhase section */
		05541F141944762D00E8155A /* Frameworks */ = {
			isa = PBXFrameworksBuildPhase;
			buildActionMask = 2147483647;
			files = (
			);
			runOnlyForDeploymentPostprocessing = 0;
		};
		05541F211944762D00E8155A /* Frameworks */ = {
			isa = PBXFrameworksBuildPhase;
			buildActionMask = 2147483647;
			files = (
			);
			runOnlyForDeploymentPostprocessing = 0;
		};
/* End PBXFrameworksBuildPhase section */

/* Begin PBXGroup section */
		05541F0E1944762D00E8155A = {
			isa = PBXGroup;
			children = (
				05541F191944762D00E8155A /* MyFirstSwiftAppWithoutStoryboard */,
				05541F271944762D00E8155A /* MyFirstSwiftAppWithoutStoryboardTests */,
				05541F181944762D00E8155A /* Products */,
			);
			sourceTree = "<group>";
		};
		05541F181944762D00E8155A /* Products */ = {
			isa = PBXGroup;
			children = (
				05541F171944762D00E8155A /* MyFirstSwiftAppWithoutStoryboard.app */,
				05541F241944762D00E8155A /* MyFirstSwiftAppWithoutStoryboardTests.xctest */,
			);
			name = Products;
			sourceTree = "<group>";
		};
		05541F191944762D00E8155A /* MyFirstSwiftAppWithoutStoryboard */ = {
			isa = PBXGroup;
			children = (
				05541F1C1944762D00E8155A /* AppDelegate.swift */,
				05541F1E1944762D00E8155A /* Images.xcassets */,
				05541F1A1944762D00E8155A /* Supporting Files */,
				05541F34194488E200E8155A /* TheTableViewController.swift */,
				05541F3619448A5500E8155A /* TheViewController.swift */,
			);
			path = MyFirstSwiftAppWithoutStoryboard;
			sourceTree = "<group>";
		};
		05541F1A1944762D00E8155A /* Supporting Files */ = {
			isa = PBXGroup;
			children = (
				05541F1B1944762D00E8155A /* Info.plist */,
			);
			name = "Supporting Files";
			sourceTree = "<group>";
		};
		05541F271944762D00E8155A /* MyFirstSwiftAppWithoutStoryboardTests */ = {
			isa = PBXGroup;
			children = (
				05541F2A1944762D00E8155A /* MyFirstSwiftAppWithoutStoryboardTests.swift */,
				05541F281944762D00E8155A /* Supporting Files */,
			);
			path = MyFirstSwiftAppWithoutStoryboardTests;
			sourceTree = "<group>";
		};
		05541F281944762D00E8155A /* Supporting Files */ = {
			isa = PBXGroup;
			children = (
				05541F291944762D00E8155A /* Info.plist */,
			);
			name = "Supporting Files";
			sourceTree = "<group>";
		};
/* End PBXGroup section */

/* Begin PBXNativeTarget section */
		05541F161944762D00E8155A /* MyFirstSwiftAppWithoutStoryboard */ = {
			isa = PBXNativeTarget;
			buildConfigurationList = 05541F2E1944762D00E8155A /* Build configuration list for PBXNativeTarget "MyFirstSwiftAppWithoutStoryboard" */;
			buildPhases = (
				05541F131944762D00E8155A /* Sources */,
				05541F141944762D00E8155A /* Frameworks */,
				05541F151944762D00E8155A /* Resources */,
			);
			buildRules = (
			);
			dependencies = (
			);
			name = MyFirstSwiftAppWithoutStoryboard;
			productName = MyFirstSwiftAppWithoutStoryboard;
			productReference = 05541F171944762D00E8155A /* MyFirstSwiftAppWithoutStoryboard.app */;
			productType = "com.apple.product-type.application";
		};
		05541F231944762D00E8155A /* MyFirstSwiftAppWithoutStoryboardTests */ = {
			isa = PBXNativeTarget;
			buildConfigurationList = 05541F311944762D00E8155A /* Build configuration list for PBXNativeTarget "MyFirstSwiftAppWithoutStoryboardTests" */;
			buildPhases = (
				05541F201944762D00E8155A /* Sources */,
				05541F211944762D00E8155A /* Frameworks */,
				05541F221944762D00E8155A /* Resources */,
			);
			buildRules = (
			);
			dependencies = (
				05541F261944762D00E8155A /* PBXTargetDependency */,
			);
			name = MyFirstSwiftAppWithoutStoryboardTests;
			productName = MyFirstSwiftAppWithoutStoryboardTests;
			productReference = 05541F241944762D00E8155A /* MyFirstSwiftAppWithoutStoryboardTests.xctest */;
			productType = "com.apple.product-type.bundle.unit-test";
		};
/* End PBXNativeTarget section */

/* Begin PBXProject section */
		05541F0F1944762D00E8155A /* Project object */ = {
			isa = PBXProject;
			attributes = {
				LastUpgradeCheck = 0600;
				ORGANIZATIONNAME = lk;
				TargetAttributes = {
					05541F161944762D00E8155A = {
						CreatedOnToolsVersion = 6.0;
					};
					05541F231944762D00E8155A = {
						CreatedOnToolsVersion = 6.0;
						TestTargetID = 05541F161944762D00E8155A;
					};
				};
			};
			buildConfigurationList = 05541F121944762D00E8155A /* Build configuration list for PBXProject "MyFirstSwiftAppWithoutStoryboard" */;
			compatibilityVersion = "Xcode 3.2";
			developmentRegion = English;
			hasScannedForEncodings = 0;
			knownRegions = (
				en,
			);
			mainGroup = 05541F0E1944762D00E8155A;
			productRefGroup = 05541F181944762D00E8155A /* Products */;
			projectDirPath = "";
			projectRoot = "";
			targets = (
				05541F161944762D00E8155A /* MyFirstSwiftAppWithoutStoryboard */,
				05541F231944762D00E8155A /* MyFirstSwiftAppWithoutStoryboardTests */,
			);
		};
/* End PBXProject section */

/* Begin PBXResourcesBuildPhase section */
		05541F151944762D00E8155A /* Resources */ = {
			isa = PBXResourcesBuildPhase;
			buildActionMask = 2147483647;
			files = (
				05541F1F1944762D00E8155A /* Images.xcassets in Resources */,
			);
			runOnlyForDeploymentPostprocessing = 0;
		};
		05541F221944762D00E8155A /* Resources */ = {
			isa = PBXResourcesBuildPhase;
			buildActionMask = 2147483647;
			files = (
			);
			runOnlyForDeploymentPostprocessing = 0;
		};
/* End PBXResourcesBuildPhase section */

/* Begin PBXSourcesBuildPhase section */
		05541F131944762D00E8155A /* Sources */ = {
			isa = PBXSourcesBuildPhase;
			buildActionMask = 2147483647;
			files = (
				05541F1D1944762D00E8155A /* AppDelegate.swift in Sources */,
				05541F3719448A5500E8155A /* TheViewController.swift in Sources */,
				05541F35194488E200E8155A /* TheTableViewController.swift in Sources */,
			);
			runOnlyForDeploymentPostprocessing = 0;
		};
		05541F201944762D00E8155A /* Sources */ = {
			isa = PBXSourcesBuildPhase;
			buildActionMask = 2147483647;
			files = (
				05541F2B1944762D00E8155A /* MyFirstSwiftAppWithoutStoryboardTests.swift in Sources */,
			);
			runOnlyForDeploymentPostprocessing = 0;
		};
/* End PBXSourcesBuildPhase section */

/* Begin PBXTargetDependency section */
		05541F261944762D00E8155A /* PBXTargetDependency */ = {
			isa = PBXTargetDependency;
			target = 05541F161944762D00E8155A /* MyFirstSwiftAppWithoutStoryboard */;
			targetProxy = 05541F251944762D00E8155A /* PBXContainerItemProxy */;
		};
/* End PBXTargetDependency section */

/* Begin XCBuildConfiguration section */
		05541F2C1944762D00E8155A /* Debug */ = {
			isa = XCBuildConfiguration;
			buildSettings = {
				ALWAYS_SEARCH_USER_PATHS = NO;
				CLANG_CXX_LANGUAGE_STANDARD = "gnu++0x";
				CLANG_CXX_LIBRARY = "libc++";
				CLANG_ENABLE_MODULES = YES;
				CLANG_ENABLE_OBJC_ARC = YES;
				CLANG_WARN_BOOL_CONVERSION = YES;
				CLANG_WARN_CONSTANT_CONVERSION = YES;
				CLANG_WARN_DIRECT_OBJC_ISA_USAGE = YES_ERROR;
				CLANG_WARN_EMPTY_BODY = YES;
				CLANG_WARN_ENUM_CONVERSION = YES;
				CLANG_WARN_INT_CONVERSION = YES;
				CLANG_WARN_OBJC_ROOT_CLASS = YES_ERROR;
				CLANG_WARN_UNREACHABLE_CODE = YES;
				CLANG_WARN__DUPLICATE_METHOD_MATCH = YES;
				"CODE_SIGN_IDENTITY[sdk=iphoneos*]" = "iPhone Developer";
				COPY_PHASE_STRIP = NO;
				ENABLE_STRICT_OBJC_MSGSEND = YES;
				GCC_C_LANGUAGE_STANDARD = gnu99;
				GCC_DYNAMIC_NO_PIC = NO;
				GCC_OPTIMIZATION_LEVEL = 0;
				GCC_PREPROCESSOR_DEFINITIONS = (
					"DEBUG=1",
					"$(inherited)",
				);
				GCC_SYMBOLS_PRIVATE_EXTERN = NO;
				GCC_WARN_64_TO_32_BIT_CONVERSION = YES;
				GCC_WARN_ABOUT_RETURN_TYPE = YES_ERROR;
				GCC_WARN_UNDECLARED_SELECTOR = YES;
				GCC_WARN_UNINITIALIZED_AUTOS = YES_AGGRESSIVE;
				GCC_WARN_UNUSED_FUNCTION = YES;
				GCC_WARN_UNUSED_VARIABLE = YES;
				IPHONEOS_DEPLOYMENT_TARGET = 8.0;
				METAL_ENABLE_DEBUG_INFO = YES;
				ONLY_ACTIVE_ARCH = YES;
				SDKROOT = iphoneos;
				SWIFT_OPTIMIZATION_LEVEL = "-Onone";
			};
			name = Debug;
		};
		05541F2D1944762D00E8155A /* Release */ = {
			isa = XCBuildConfiguration;
			buildSettings = {
				ALWAYS_SEARCH_USER_PATHS = NO;
				CLANG_CXX_LANGUAGE_STANDARD = "gnu++0x";
				CLANG_CXX_LIBRARY = "libc++";
				CLANG_ENABLE_MODULES = YES;
				CLANG_ENABLE_OBJC_ARC = YES;
				CLANG_WARN_BOOL_CONVERSION = YES;
				CLANG_WARN_CONSTANT_CONVERSION = YES;
				CLANG_WARN_DIRECT_OBJC_ISA_USAGE = YES_ERROR;
				CLANG_WARN_EMPTY_BODY = YES;
				CLANG_WARN_ENUM_CONVERSION = YES;
				CLANG_WARN_INT_CONVERSION = YES;
				CLANG_WARN_OBJC_ROOT_CLASS = YES_ERROR;
				CLANG_WARN_UNREACHABLE_CODE = YES;
				CLANG_WARN__DUPLICATE_METHOD_MATCH = YES;
				"CODE_SIGN_IDENTITY[sdk=iphoneos*]" = "iPhone Developer";
				COPY_PHASE_STRIP = YES;
				ENABLE_NS_ASSERTIONS = NO;
				ENABLE_STRICT_OBJC_MSGSEND = YES;
				GCC_C_LANGUAGE_STANDARD = gnu99;
				GCC_WARN_64_TO_32_BIT_CONVERSION = YES;
				GCC_WARN_ABOUT_RETURN_TYPE = YES_ERROR;
				GCC_WARN_UNDECLARED_SELECTOR = YES;
				GCC_WARN_UNINITIALIZED_AUTOS = YES_AGGRESSIVE;
				GCC_WARN_UNUSED_FUNCTION = YES;
				GCC_WARN_UNUSED_VARIABLE = YES;
				IPHONEOS_DEPLOYMENT_TARGET = 8.0;
				METAL_ENABLE_DEBUG_INFO = NO;
				SDKROOT = iphoneos;
				VALIDATE_PRODUCT = YES;
			};
			name = Release;
		};
		05541F2F1944762D00E8155A /* Debug */ = {
			isa = XCBuildConfiguration;
			buildSettings = {
				ASSETCATALOG_COMPILER_APPICON_NAME = AppIcon;
				ASSETCATALOG_COMPILER_LAUNCHIMAGE_NAME = LaunchImage;
				INFOPLIST_FILE = MyFirstSwiftAppWithoutStoryboard/Info.plist;
				LD_RUNPATH_SEARCH_PATHS = "$(inherited) @executable_path/Frameworks";
				PRODUCT_NAME = "$(TARGET_NAME)";
			};
			name = Debug;
		};
		05541F301944762D00E8155A /* Release */ = {
			isa = XCBuildConfiguration;
			buildSettings = {
				ASSETCATALOG_COMPILER_APPICON_NAME = AppIcon;
				ASSETCATALOG_COMPILER_LAUNCHIMAGE_NAME = LaunchImage;
				INFOPLIST_FILE = MyFirstSwiftAppWithoutStoryboard/Info.plist;
				LD_RUNPATH_SEARCH_PATHS = "$(inherited) @executable_path/Frameworks";
				PRODUCT_NAME = "$(TARGET_NAME)";
			};
			name = Release;
		};
		05541F321944762D00E8155A /* Debug */ = {
			isa = XCBuildConfiguration;
			buildSettings = {
				BUNDLE_LOADER = "$(BUILT_PRODUCTS_DIR)/MyFirstSwiftAppWithoutStoryboard.app/MyFirstSwiftAppWithoutStoryboard";
				FRAMEWORK_SEARCH_PATHS = (
					"$(SDKROOT)/Developer/Library/Frameworks",
					"$(inherited)",
				);
				GCC_PREPROCESSOR_DEFINITIONS = (
					"DEBUG=1",
					"$(inherited)",
				);
				INFOPLIST_FILE = MyFirstSwiftAppWithoutStoryboardTests/Info.plist;
				LD_RUNPATH_SEARCH_PATHS = "$(inherited) @executable_path/Frameworks @loader_path/Frameworks";
				METAL_ENABLE_DEBUG_INFO = YES;
				PRODUCT_NAME = "$(TARGET_NAME)";
				TEST_HOST = "$(BUNDLE_LOADER)";
			};
			name = Debug;
		};
		05541F331944762D00E8155A /* Release */ = {
			isa = XCBuildConfiguration;
			buildSettings = {
				BUNDLE_LOADER = "$(BUILT_PRODUCTS_DIR)/MyFirstSwiftAppWithoutStoryboard.app/MyFirstSwiftAppWithoutStoryboard";
				FRAMEWORK_SEARCH_PATHS = (
					"$(SDKROOT)/Developer/Library/Frameworks",
					"$(inherited)",
				);
				INFOPLIST_FILE = MyFirstSwiftAppWithoutStoryboardTests/Info.plist;
				LD_RUNPATH_SEARCH_PATHS = "$(inherited) @executable_path/Frameworks @loader_path/Frameworks";
				METAL_ENABLE_DEBUG_INFO = NO;
				PRODUCT_NAME = "$(TARGET_NAME)";
				TEST_HOST = "$(BUNDLE_LOADER)";
			};
			name = Release;
		};
/* End XCBuildConfiguration section */

/* Begin XCConfigurationList section */
		05541F121944762D00E8155A /* Build configuration list for PBXProject "MyFirstSwiftAppWithoutStoryboard" */ = {
			isa = XCConfigurationList;
			buildConfigurations = (
				05541F2C1944762D00E8155A /* Debug */,
				05541F2D1944762D00E8155A /* Release */,
			);
			defaultConfigurationIsVisible = 0;
			defaultConfigurationName = Release;
		};
		05541F2E1944762D00E8155A /* Build configuration list for PBXNativeTarget "MyFirstSwiftAppWithoutStoryboard" */ = {
			isa = XCConfigurationList;
			buildConfigurations = (
				05541F2F1944762D00E8155A /* Debug */,
				05541F301944762D00E8155A /* Release */,
			);
			defaultConfigurationIsVisible = 0;
		};
		05541F311944762D00E8155A /* Build configuration list for PBXNativeTarget "MyFirstSwiftAppWithoutStoryboardTests" */ = {
			isa = XCConfigurationList;
			buildConfigurations = (
				05541F321944762D00E8155A /* Debug */,
				05541F331944762D00E8155A /* Release */,
			);
			defaultConfigurationIsVisible = 0;
		};
/* End XCConfigurationList section */
	};
	rootObject = 05541F0F1944762D00E8155A /* Project object */;
}
